
Microsoft Visual Studio Solution File, Format Version 12.00
# Visual Studio Version 17
VisualStudioVersion = 17.5.33530.505
MinimumVisualStudioVersion = 10.0.40219.1
Project("{9A19103F-16F7-4668-BE54-9A1E7A4F7556}") = "RecipesApi", "RecipesApi\RecipesApi.csproj", "{4DC2D2AE-21F4-4C2A-AD56-9473486B3447}"
EndProject
Project("{9A19103F-16F7-4668-BE54-9A1E7A4F7556}") = "RecipeLibrary", "RecipeLibrary\RecipeLibrary.csproj", "{B055A927-3023-44C2-9424-DD9F1AED1BEC}"
EndProject
Project("{9A19103F-16F7-4668-BE54-9A1E7A4F7556}") = "RecipesBlazorUI", "RecipesBlazorUI\RecipesBlazorUI.csproj", "{BA48C112-FF57-4B27-80D9-EAD730539C54}"
EndProject
Global
	GlobalSection(SolutionConfigurationPlatforms) = preSolution
		Debug|Any CPU = Debug|Any CPU
		Release|Any CPU = Release|Any CPU
	EndGlobalSection
	GlobalSection(ProjectConfigurationPlatforms) = postSolution
		{4DC2D2AE-21F4-4C2A-AD56-9473486B3447}.Debug|Any CPU.ActiveCfg = Debug|Any CPU
		{4DC2D2AE-21F4-4C2A-AD56-9473486B3447}.Debug|Any CPU.Build.0 = Debug|Any CPU
		{4DC2D2AE-21F4-4C2A-AD56-9473486B3447}.Release|Any CPU.ActiveCfg = Release|Any CPU
		{4DC2D2AE-21F4-4C2A-AD56-9473486B3447}.Release|Any CPU.Build.0 = Release|Any CPU
		{B055A927-3023-44C2-9424-DD9F1AED1BEC}.Debug|Any CPU.ActiveCfg = Debug|Any CPU
		{B055A927-3023-44C2-9424-DD9F1AED1BEC}.Debug|Any CPU.Build.0 = Debug|Any CPU
		{B055A927-3023-44C2-9424-DD9F1AED1BEC}.Release|Any CPU.ActiveCfg = Release|Any CPU
		{B055A927-3023-44C2-9424-DD9F1AED1BEC}.Release|Any CPU.Build.0 = Release|Any CPU
		{BA48C112-FF57-4B27-80D9-EAD730539C54}.Debug|Any CPU.ActiveCfg = Debug|Any CPU
		{BA48C112-FF57-4B27-80D9-EAD730539C54}.Debug|Any CPU.Build.0 = Debug|Any CPU
		{BA48C112-FF57-4B27-80D9-EAD730539C54}.Release|Any CPU.ActiveCfg = Release|Any CPU
		{BA48C112-FF57-4B27-80D9-EAD730539C54}.Release|Any CPU.Build.0 = Release|Any CPU
	EndGlobalSection
	GlobalSection(SolutionProperties) = preSolution
		HideSolutionNode = FALSE
	EndGlobalSection
	GlobalSection(ExtensibilityGlobals) = postSolution
		SolutionGuid = {DFACC040-D0F1-4DAE-AFDE-82ADF00BB751}
	EndGlobalSection
EndGlobal
